github.com/FortAwesome/Font-Awesome v0.0.0-20240402185447-c0f460dca7f7/go.mod h1:IUgezN/MFpCDIlFezw3L8j83oeiIuYoj28Miwr/KUYo=
github.com/google/docsy v0.9.2-0.20240423183652-ec13ca8f7f8a h1:9D5EERPwmSChTLsed7abzUnMYZZtRU70tj3/SmRAJlE=
github.com/google/docsy v0.9.2-0.20240423183652-ec13ca8f7f8a/go.mod h1:c0nIAqmRTOuJ01F85U/wJPQtc3Zj9N58Kea9bOT2AJc=
github.com/twbs/bootstrap v5.3.3+incompatible/go.mod h1:fZTSrkpSf0/HkL0IIJzvVspTt1r9zuf7XlZau8kpcY0=
